
Microsoft Visual Studio Solution File, Format Version 12.00
# Visual Studio Version 17
VisualStudioVersion = 17.7.34018.315
MinimumVisualStudioVersion = 10.0.40219.1
Project("{FAE04EC0-301F-11D3-BF4B-00C04F79EFBC}") = "inlämmning 4.8", "inlämmning 4.8\inlämmning 4.8.csproj", "{7DF9D9FE-7633-4ABF-AA7B-89E0EB117F56}"
EndProject
Global
	GlobalSection(SolutionConfigurationPlatforms) = preSolution
		Debug|Any CPU = Debug|Any CPU
		Release|Any CPU = Release|Any CPU
	EndGlobalSection
	GlobalSection(ProjectConfigurationPlatforms) = postSolution
		{7DF9D9FE-7633-4ABF-AA7B-89E0EB117F56}.Debug|Any CPU.ActiveCfg = Debug|Any CPU
		{7DF9D9FE-7633-4ABF-AA7B-89E0EB117F56}.Debug|Any CPU.Build.0 = Debug|Any CPU
		{7DF9D9FE-7633-4ABF-AA7B-89E0EB117F56}.Release|Any CPU.ActiveCfg = Release|Any CPU
		{7DF9D9FE-7633-4ABF-AA7B-89E0EB117F56}.Release|Any CPU.Build.0 = Release|Any CPU
	EndGlobalSection
	GlobalSection(SolutionProperties) = preSolution
		HideSolutionNode = FALSE
	EndGlobalSection
	GlobalSection(ExtensibilityGlobals) = postSolution
		SolutionGuid = {96EEEEE0-1DF6-4697-AA75-D4B2C319D7AA}
	EndGlobalSection
EndGlobal
